
Microsoft Visual Studio Solution File, Format Version 12.00
Project("{FAE04EC0-301F-11D3-BF4B-00C04F79EFBC}") = "lesson_4", "lesson_4\lesson_4.csproj", "{608E8175-4CA5-483C-81F2-9891DB44C6E7}"
EndProject
Project("{FAE04EC0-301F-11D3-BF4B-00C04F79EFBC}") = "MassLib", "MassLib\MassLib.csproj", "{C2DFF913-F996-4A3E-BB72-E3046DB6A3B7}"
EndProject
Project("{FAE04EC0-301F-11D3-BF4B-00C04F79EFBC}") = "TwoDimensionMass", "TwoDimensionMass\TwoDimensionMass.csproj", "{848533F3-1E00-4FC0-BF9B-CC901C6354C8}"
EndProject
Global
	GlobalSection(SolutionConfigurationPlatforms) = preSolution
		Debug|Any CPU = Debug|Any CPU
		Release|Any CPU = Release|Any CPU
	EndGlobalSection
	GlobalSection(ProjectConfigurationPlatforms) = postSolution
		{608E8175-4CA5-483C-81F2-9891DB44C6E7}.Debug|Any CPU.ActiveCfg = Debug|Any CPU
		{608E8175-4CA5-483C-81F2-9891DB44C6E7}.Debug|Any CPU.Build.0 = Debug|Any CPU
		{608E8175-4CA5-483C-81F2-9891DB44C6E7}.Release|Any CPU.ActiveCfg = Release|Any CPU
		{608E8175-4CA5-483C-81F2-9891DB44C6E7}.Release|Any CPU.Build.0 = Release|Any CPU
		{C2DFF913-F996-4A3E-BB72-E3046DB6A3B7}.Debug|Any CPU.ActiveCfg = Debug|Any CPU
		{C2DFF913-F996-4A3E-BB72-E3046DB6A3B7}.Debug|Any CPU.Build.0 = Debug|Any CPU
		{C2DFF913-F996-4A3E-BB72-E3046DB6A3B7}.Release|Any CPU.ActiveCfg = Release|Any CPU
		{C2DFF913-F996-4A3E-BB72-E3046DB6A3B7}.Release|Any CPU.Build.0 = Release|Any CPU
		{848533F3-1E00-4FC0-BF9B-CC901C6354C8}.Debug|Any CPU.ActiveCfg = Debug|Any CPU
		{848533F3-1E00-4FC0-BF9B-CC901C6354C8}.Debug|Any CPU.Build.0 = Debug|Any CPU
		{848533F3-1E00-4FC0-BF9B-CC901C6354C8}.Release|Any CPU.ActiveCfg = Release|Any CPU
		{848533F3-1E00-4FC0-BF9B-CC901C6354C8}.Release|Any CPU.Build.0 = Release|Any CPU
	EndGlobalSection
EndGlobal
